<?xml version="1.0" encoding="utf-8"?>
<Project ToolsVersion="4.0" xmlns="http://schemas.microsoft.com/developer/msbuild/2003">
  <ItemGroup>
    <Filter Include="Source Files">
      <UniqueIdentifier>{4FC737F1-C7A5-4376-A066-2A32D752A2FF}</UniqueIdentifier>
      <Extensions>cpp;c;cc;cxx;def;odl;idl;hpj;bat;asm;asmx</Extensions>
    </Filter>
    <Filter Include="Header Files">
      <UniqueIdentifier>{93995380-89BD-4b04-88EB-625FBE52EBFB}</UniqueIdentifier>
      <Extensions>h;hh;hpp;hxx;hm;inl;inc;xsd</Extensions>
    </Filter>
    <Filter Include="Resource Files">
      <UniqueIdentifier>{67DA6AB6-F800-4c08-8B7A-83BB121AAD01}</UniqueIdentifier>
      <Extensions>rc;ico;cur;bmp;dlg;rc2;rct;bin;rgs;gif;jpg;jpeg;jpe;resx;tiff;tif;png;wav;mfcribbon-ms</Extensions>
    </Filter>
  </ItemGroup>
  <ItemGroup>
    <ClInclude Include="..\..\lib\separatista\separatista.h">
      <Filter>Header Files</Filter>
    </ClInclude>
    <ClInclude Include="..\..\lib\separatista\errorhandler.h">
      <Filter>Header Files</Filter>
    </ClInclude>
    <ClInclude Include="..\..\lib\separatista\directdebitdocument.h">
      <Filter>Header Files</Filter>
    </ClInclude>
    <ClInclude Include="..\..\lib\separatista\element.h">
      <Filter>Header Files</Filter>
    </ClInclude>
    <ClInclude Include="..\..\lib\separatista\cashaccount.h">
      <Filter>Header Files</Filter>
    </ClInclude>
    <ClInclude Include="..\..\lib\separatista\macro.h">
      <Filter>Header Files</Filter>
    </ClInclude>
    <ClInclude Include="..\..\lib\separatista\branchandfinancialinstitutionidentification.h">
      <Filter>Header Files</Filter>
    </ClInclude>
    <ClInclude Include="..\..\lib\separatista\codeorproprietary.h">
      <Filter>Header Files</Filter>
    </ClInclude>
    <ClInclude Include="..\..\lib\separatista\partyidentification.h">
      <Filter>Header Files</Filter>
    </ClInclude>
    <ClInclude Include="..\..\lib\separatista\paymenttypeinformation.h">
      <Filter>Header Files</Filter>
    </ClInclude>
    <ClInclude Include="..\..\lib\separatista\groupheader.h">
      <Filter>Header Files</Filter>
    </ClInclude>
    <ClInclude Include="..\..\lib\separatista\postaladdress.h">
      <Filter>Header Files</Filter>
    </ClInclude>
    <ClInclude Include="..\..\lib\separatista\partychoice.h">
      <Filter>Header Files</Filter>
    </ClInclude>
    <ClInclude Include="..\..\lib\separatista\organisationidentification.h">
      <Filter>Header Files</Filter>
    </ClInclude>
    <ClInclude Include="..\..\lib\separatista\genericorganisationidentification.h">
      <Filter>Header Files</Filter>
    </ClInclude>
    <ClInclude Include="..\..\lib\separatista\dateandplaceofbirth.h">
      <Filter>Header Files</Filter>
    </ClInclude>
    <ClInclude Include="..\..\lib\separatista\personidentification.h">
      <Filter>Header Files</Filter>
    </ClInclude>
    <ClInclude Include="..\..\lib\separatista\contactdetails.h">
      <Filter>Header Files</Filter>
    </ClInclude>
    <ClInclude Include="..\..\lib\separatista\paymentinstruction.h">
      <Filter>Header Files</Filter>
    </ClInclude>
    <ClInclude Include="..\..\lib\separatista\financialinstitutionidentification.h">
      <Filter>Header Files</Filter>
    </ClInclude>
    <ClInclude Include="..\..\lib\separatista\branchdata.h">
      <Filter>Header Files</Filter>
    </ClInclude>
    <ClInclude Include="..\..\lib\separatista\directdebittransactioninformation.h">
      <Filter>Header Files</Filter>
    </ClInclude>
    <ClInclude Include="..\..\lib\separatista\paymentidentification.h">
      <Filter>Header Files</Filter>
    </ClInclude>
    <ClInclude Include="..\..\lib\separatista\directdebittransaction.h">
      <Filter>Header Files</Filter>
    </ClInclude>
    <ClInclude Include="..\..\lib\separatista\mandaterelatedinformation.h">
      <Filter>Header Files</Filter>
    </ClInclude>
    <ClInclude Include="..\..\lib\separatista\amendmentinformationdetails.h">
      <Filter>Header Files</Filter>
    </ClInclude>
    <ClInclude Include="..\..\lib\separatista\regulatoryreporting.h">
      <Filter>Header Files</Filter>
    </ClInclude>
    <ClInclude Include="..\..\lib\separatista\taxinformation.h">
      <Filter>Header Files</Filter>
    </ClInclude>
  </ItemGroup>
  <ItemGroup>
    <ClCompile Include="..\..\lib\separatista\dll.cpp">
      <Filter>Source Files</Filter>
    </ClCompile>
    <ClCompile Include="..\..\lib\separatista\directdebitdocument.cpp">
      <Filter>Source Files</Filter>
    </ClCompile>
    <ClCompile Include="..\..\lib\separatista\filereader.cpp">
      <Filter>Source Files</Filter>
    </ClCompile>
    <ClCompile Include="..\..\lib\separatista\separatistadocument.cpp">
      <Filter>Source Files</Filter>
    </ClCompile>
    <ClCompile Include="..\..\lib\separatista\errorhandler.cpp">
      <Filter>Source Files</Filter>
    </ClCompile>
    <ClCompile Include="..\..\lib\separatista\element.cpp">
      <Filter>Source Files</Filter>
    </ClCompile>
    <ClCompile Include="..\..\lib\separatista\branchandfinancialinstitutionidentification.cpp">
      <Filter>Source Files</Filter>
    </ClCompile>
    <ClCompile Include="..\..\lib\separatista\cashaccount.cpp">
      <Filter>Source Files</Filter>
    </ClCompile>
    <ClCompile Include="..\..\lib\separatista\codeorproprietary.cpp">
      <Filter>Source Files</Filter>
    </ClCompile>
    <ClCompile Include="..\..\lib\separatista\paymenttypeinformation.cpp">
      <Filter>Source Files</Filter>
    </ClCompile>
    <ClCompile Include="..\..\lib\separatista\groupheader.cpp">
      <Filter>Source Files</Filter>
    </ClCompile>
    <ClCompile Include="..\..\lib\separatista\partyidentification.cpp">
      <Filter>Source Files</Filter>
    </ClCompile>
    <ClCompile Include="..\..\lib\separatista\postaladdress.cpp">
      <Filter>Source Files</Filter>
    </ClCompile>
    <ClCompile Include="..\..\lib\separatista\genericorganisationidentification.cpp">
      <Filter>Source Files</Filter>
    </ClCompile>
    <ClCompile Include="..\..\lib\separatista\dateandplaceofbirth.cpp">
      <Filter>Source Files</Filter>
    </ClCompile>
    <ClCompile Include="..\..\lib\separatista\personidentification.cpp">
      <Filter>Source Files</Filter>
    </ClCompile>
    <ClCompile Include="..\..\lib\separatista\partychoice.cpp">
      <Filter>Source Files</Filter>
    </ClCompile>
    <ClCompile Include="..\..\lib\separatista\contactdetails.cpp">
      <Filter>Source Files</Filter>
    </ClCompile>
    <ClCompile Include="..\..\lib\separatista\organisationidentification.cpp">
      <Filter>Source Files</Filter>
    </ClCompile>
    <ClCompile Include="..\..\lib\separatista\paymentinstruction.cpp">
      <Filter>Source Files</Filter>
    </ClCompile>
    <ClCompile Include="..\..\lib\separatista\accountidentificationchoice.cpp">
      <Filter>Source Files</Filter>
    </ClCompile>
    <ClCompile Include="..\..\lib\separatista\financialinstitutionidentification.cpp">
      <Filter>Source Files</Filter>
    </ClCompile>
    <ClCompile Include="..\..\lib\separatista\branchdata.cpp">
      <Filter>Source Files</Filter>
    </ClCompile>
    <ClCompile Include="..\..\lib\separatista\paymentidentification.cpp">
      <Filter>Source Files</Filter>
    </ClCompile>
    <ClCompile Include="..\..\lib\separatista\directdebittransactioninformation.cpp">
      <Filter>Source Files</Filter>
    </ClCompile>
    <ClCompile Include="..\..\lib\separatista\mandaterelatedinformation.cpp">
      <Filter>Source Files</Filter>
    </ClCompile>
    <ClCompile Include="..\..\lib\separatista\regulatoryreporting.cpp">
      <Filter>Source Files</Filter>
    </ClCompile>
    <ClCompile Include="..\..\lib\separatista\directdebittransaction.cpp">
      <Filter>Source Files</Filter>
    </ClCompile>
    <ClCompile Include="..\..\lib\separatista\taxinformation.cpp">
      <Filter>Source Files</Filter>
    </ClCompile>
  </ItemGroup>
  <ItemGroup>
    <ResourceCompile Include="Separatista.rc">
      <Filter>Resource Files</Filter>
    </ResourceCompile>
  </ItemGroup>
</Project>